lockfileVersion: '9.0'

settings:
  autoInstallPeers: true
  excludeLinksFromLockfile: false

importers:

  .:
    dependencies:
      '@actions/core':
        specifier: ^1.11.1
        version: 1.11.1
      '@adguard/agtree':
        specifier: 3.2.4
        version: 3.2.4
    devDependencies:
      '@rollup/plugin-commonjs':
        specifier: ^28.0.9
        version: 28.0.9(rollup@4.52.5)
      '@rollup/plugin-node-resolve':
        specifier: ^16.0.3
        version: 16.0.3(rollup@4.52.5)
      '@rollup/plugin-typescript':
        specifier: ^12.3.0
        version: 12.3.0(rollup@4.52.5)(tslib@2.8.1)(typescript@5.9.3)
      '@types/node':
        specifier: ^24.9.1
        version: 24.9.1
      rollup:
        specifier: ^4.52.5
        version: 4.52.5
      sprintf-js:
        specifier: ^1.1.3
        version: 1.1.3
      tslib:
        specifier: ^2.8.1
        version: 2.8.1
      typescript:
        specifier: ^5.9.3
        version: 5.9.3

packages:

  '@actions/core@1.11.1':
    resolution: {integrity: sha512-hXJCSrkwfA46Vd9Z3q4cpEpHB1rL5NG04+/rbqW9d3+CSvtB1tYe8UTpAlixa1vj0m/ULglfEK2UKxMGxCxv5A==}

  '@actions/exec@1.1.1':
    resolution: {integrity: sha512-+sCcHHbVdk93a0XT19ECtO/gIXoxvdsgQLzb2fE2/5sIZmWQuluYyjPQtrtTHdU1YzTZ7bAPN4sITq2xi1679w==}

  '@actions/http-client@2.2.3':
    resolution: {integrity: sha512-mx8hyJi/hjFvbPokCg4uRd4ZX78t+YyRPtnKWwIl+RzNaVuFpQHfmlGVfsKEJN8LwTCvL+DfVgAM04XaHkm6bA==}

  '@actions/io@1.1.3':
    resolution: {integrity: sha512-wi9JjgKLYS7U/z8PPbco+PvTb/nRWjeoFlJ1Qer83k/3C5PHQi28hiVdeE2kHXmIL99mQFawx8qt/JPjZilJ8Q==}

  '@adguard/agtree@3.2.4':
    resolution: {integrity: sha512-Zn5YzCQuCXRxsYvXHtb6IvwbeZ4C6Sn7sQQrME3RxSeIZnSH2Qdt4POY5L2k1icR3Ecxvdm22kHdYUfZhLAsSw==}
    engines: {node: '>=22'}

  '@adguard/css-tokenizer@1.2.0':
    resolution: {integrity: sha512-cUj5j/AU5z/T4//5M6KnIJBpykAY4QbDsoiQ2DaWX/r2XkepMkTb8DhIbUHJD/QLGEyLeQLpi+nlxAgf4NTRRQ==}

  '@babel/runtime-corejs3@7.28.4':
    resolution: {integrity: sha512-h7iEYiW4HebClDEhtvFObtPmIvrd1SSfpI9EhOeKk4CtIK/ngBWFpuhCzhdmRKtg71ylcue+9I6dv54XYO1epQ==}
    engines: {node: '>=6.9.0'}

  '@fastify/busboy@2.1.1':
    resolution: {integrity: sha512-vBZP4NlzfOlerQTnba4aqZoMhE/a9HY7HRqoOPaETQcSQuWEIyZMHGfVu6w9wGtGK5fED5qRs2DteVCjOH60sA==}
    engines: {node: '>=14'}

  '@jridgewell/sourcemap-codec@1.5.5':
    resolution: {integrity: sha512-cYQ9310grqxueWbl+WuIUIaiUaDcj7WOq5fVhEljNVgRfOUhY9fy2zTvfoqWsnebh8Sl70VScFbICvJnLKB0Og==}

  '@rollup/plugin-commonjs@28.0.9':
    resolution: {integrity: sha512-PIR4/OHZ79romx0BVVll/PkwWpJ7e5lsqFa3gFfcrFPWwLXLV39JVUzQV9RKjWerE7B845Hqjj9VYlQeieZ2dA==}
    engines: {node: '>=16.0.0 || 14 >= 14.17'}
    peerDependencies:
      rollup: ^2.68.0||^3.0.0||^4.0.0
    peerDependenciesMeta:
      rollup:
        optional: true

  '@rollup/plugin-node-resolve@16.0.3':
    resolution: {integrity: sha512-lUYM3UBGuM93CnMPG1YocWu7X802BrNF3jW2zny5gQyLQgRFJhV1Sq0Zi74+dh/6NBx1DxFC4b4GXg9wUCG5Qg==}
    engines: {node: '>=14.0.0'}
    peerDependencies:
      rollup: ^2.78.0||^3.0.0||^4.0.0
    peerDependenciesMeta:
      rollup:
        optional: true

  '@rollup/plugin-typescript@12.3.0':
    resolution: {integrity: sha512-7DP0/p7y3t67+NabT9f8oTBFE6gGkto4SA6Np2oudYmZE/m1dt8RB0SjL1msMxFpLo631qjRCcBlAbq1ml/Big==}
    engines: {node: '>=14.0.0'}
    peerDependencies:
      rollup: ^2.14.0||^3.0.0||^4.0.0
      tslib: '*'
      typescript: '>=3.7.0'
    peerDependenciesMeta:
      rollup:
        optional: true
      tslib:
        optional: true

  '@rollup/pluginutils@5.3.0':
    resolution: {integrity: sha512-5EdhGZtnu3V88ces7s53hhfK5KSASnJZv8Lulpc04cWO3REESroJXg73DFsOmgbU2BhwV0E20bu2IDZb3VKW4Q==}
    engines: {node: '>=14.0.0'}
    peerDependencies:
      rollup: ^1.20.0||^2.0.0||^3.0.0||^4.0.0
    peerDependenciesMeta:
      rollup:
        optional: true

  '@rollup/rollup-android-arm-eabi@4.52.5':
    resolution: {integrity: sha512-8c1vW4ocv3UOMp9K+gToY5zL2XiiVw3k7f1ksf4yO1FlDFQ1C2u72iACFnSOceJFsWskc2WZNqeRhFRPzv+wtQ==}
    cpu: [arm]
    os: [android]

  '@rollup/rollup-android-arm64@4.52.5':
    resolution: {integrity: sha512-mQGfsIEFcu21mvqkEKKu2dYmtuSZOBMmAl5CFlPGLY94Vlcm+zWApK7F/eocsNzp8tKmbeBP8yXyAbx0XHsFNA==}
    cpu: [arm64]
    os: [android]

  '@rollup/rollup-darwin-arm64@4.52.5':
    resolution: {integrity: sha512-takF3CR71mCAGA+v794QUZ0b6ZSrgJkArC+gUiG6LB6TQty9T0Mqh3m2ImRBOxS2IeYBo4lKWIieSvnEk2OQWA==}
    cpu: [arm64]
    os: [darwin]

  '@rollup/rollup-darwin-x64@4.52.5':
    resolution: {integrity: sha512-W901Pla8Ya95WpxDn//VF9K9u2JbocwV/v75TE0YIHNTbhqUTv9w4VuQ9MaWlNOkkEfFwkdNhXgcLqPSmHy0fA==}
    cpu: [x64]
    os: [darwin]

  '@rollup/rollup-freebsd-arm64@4.52.5':
    resolution: {integrity: sha512-QofO7i7JycsYOWxe0GFqhLmF6l1TqBswJMvICnRUjqCx8b47MTo46W8AoeQwiokAx3zVryVnxtBMcGcnX12LvA==}
    cpu: [arm64]
    os: [freebsd]

  '@rollup/rollup-freebsd-x64@4.52.5':
    resolution: {integrity: sha512-jr21b/99ew8ujZubPo9skbrItHEIE50WdV86cdSoRkKtmWa+DDr6fu2c/xyRT0F/WazZpam6kk7IHBerSL7LDQ==}
    cpu: [x64]
    os: [freebsd]

  '@rollup/rollup-linux-arm-gnueabihf@4.52.5':
    resolution: {integrity: sha512-PsNAbcyv9CcecAUagQefwX8fQn9LQ4nZkpDboBOttmyffnInRy8R8dSg6hxxl2Re5QhHBf6FYIDhIj5v982ATQ==}
    cpu: [arm]
    os: [linux]

  '@rollup/rollup-linux-arm-musleabihf@4.52.5':
    resolution: {integrity: sha512-Fw4tysRutyQc/wwkmcyoqFtJhh0u31K+Q6jYjeicsGJJ7bbEq8LwPWV/w0cnzOqR2m694/Af6hpFayLJZkG2VQ==}
    cpu: [arm]
    os: [linux]

  '@rollup/rollup-linux-arm64-gnu@4.52.5':
    resolution: {integrity: sha512-a+3wVnAYdQClOTlyapKmyI6BLPAFYs0JM8HRpgYZQO02rMR09ZcV9LbQB+NL6sljzG38869YqThrRnfPMCDtZg==}
    cpu: [arm64]
    os: [linux]

  '@rollup/rollup-linux-arm64-musl@4.52.5':
    resolution: {integrity: sha512-AvttBOMwO9Pcuuf7m9PkC1PUIKsfaAJ4AYhy944qeTJgQOqJYJ9oVl2nYgY7Rk0mkbsuOpCAYSs6wLYB2Xiw0Q==}
    cpu: [arm64]
    os: [linux]

  '@rollup/rollup-linux-loong64-gnu@4.52.5':
    resolution: {integrity: sha512-DkDk8pmXQV2wVrF6oq5tONK6UHLz/XcEVow4JTTerdeV1uqPeHxwcg7aFsfnSm9L+OO8WJsWotKM2JJPMWrQtA==}
    cpu: [loong64]
    os: [linux]

  '@rollup/rollup-linux-ppc64-gnu@4.52.5':
    resolution: {integrity: sha512-W/b9ZN/U9+hPQVvlGwjzi+Wy4xdoH2I8EjaCkMvzpI7wJUs8sWJ03Rq96jRnHkSrcHTpQe8h5Tg3ZzUPGauvAw==}
    cpu: [ppc64]
    os: [linux]

  '@rollup/rollup-linux-riscv64-gnu@4.52.5':
    resolution: {integrity: sha512-sjQLr9BW7R/ZiXnQiWPkErNfLMkkWIoCz7YMn27HldKsADEKa5WYdobaa1hmN6slu9oWQbB6/jFpJ+P2IkVrmw==}
    cpu: [riscv64]
    os: [linux]

  '@rollup/rollup-linux-riscv64-musl@4.52.5':
    resolution: {integrity: sha512-hq3jU/kGyjXWTvAh2awn8oHroCbrPm8JqM7RUpKjalIRWWXE01CQOf/tUNWNHjmbMHg/hmNCwc/Pz3k1T/j/Lg==}
    cpu: [riscv64]
    os: [linux]

  '@rollup/rollup-linux-s390x-gnu@4.52.5':
    resolution: {integrity: sha512-gn8kHOrku8D4NGHMK1Y7NA7INQTRdVOntt1OCYypZPRt6skGbddska44K8iocdpxHTMMNui5oH4elPH4QOLrFQ==}
    cpu: [s390x]
    os: [linux]

  '@rollup/rollup-linux-x64-gnu@4.52.5':
    resolution: {integrity: sha512-hXGLYpdhiNElzN770+H2nlx+jRog8TyynpTVzdlc6bndktjKWyZyiCsuDAlpd+j+W+WNqfcyAWz9HxxIGfZm1Q==}
    cpu: [x64]
    os: [linux]

  '@rollup/rollup-linux-x64-musl@4.52.5':
    resolution: {integrity: sha512-arCGIcuNKjBoKAXD+y7XomR9gY6Mw7HnFBv5Rw7wQRvwYLR7gBAgV7Mb2QTyjXfTveBNFAtPt46/36vV9STLNg==}
    cpu: [x64]
    os: [linux]

  '@rollup/rollup-openharmony-arm64@4.52.5':
    resolution: {integrity: sha512-QoFqB6+/9Rly/RiPjaomPLmR/13cgkIGfA40LHly9zcH1S0bN2HVFYk3a1eAyHQyjs3ZJYlXvIGtcCs5tko9Cw==}
    cpu: [arm64]
    os: [openharmony]

  '@rollup/rollup-win32-arm64-msvc@4.52.5':
    resolution: {integrity: sha512-w0cDWVR6MlTstla1cIfOGyl8+qb93FlAVutcor14Gf5Md5ap5ySfQ7R9S/NjNaMLSFdUnKGEasmVnu3lCMqB7w==}
    cpu: [arm64]
    os: [win32]

  '@rollup/rollup-win32-ia32-msvc@4.52.5':
    resolution: {integrity: sha512-Aufdpzp7DpOTULJCuvzqcItSGDH73pF3ko/f+ckJhxQyHtp67rHw3HMNxoIdDMUITJESNE6a8uh4Lo4SLouOUg==}
    cpu: [ia32]
    os: [win32]

  '@rollup/rollup-win32-x64-gnu@4.52.5':
    resolution: {integrity: sha512-UGBUGPFp1vkj6p8wCRraqNhqwX/4kNQPS57BCFc8wYh0g94iVIW33wJtQAx3G7vrjjNtRaxiMUylM0ktp/TRSQ==}
    cpu: [x64]
    os: [win32]

  '@rollup/rollup-win32-x64-msvc@4.52.5':
    resolution: {integrity: sha512-TAcgQh2sSkykPRWLrdyy2AiceMckNf5loITqXxFI5VuQjS5tSuw3WlwdN8qv8vzjLAUTvYaH/mVjSFpbkFbpTg==}
    cpu: [x64]
    os: [win32]

  '@types/estree@1.0.8':
    resolution: {integrity: sha512-dWHzHa2WqEXI/O1E9OjrocMTKJl2mSrEolh1Iomrv6U+JuNwaHXsXx9bLu5gG7BUWFIN0skIQJQ/L1rIex4X6w==}

  '@types/node@24.9.1':
    resolution: {integrity: sha512-QoiaXANRkSXK6p0Duvt56W208du4P9Uye9hWLWgGMDTEoKPhuenzNcC4vGUmrNkiOKTlIrBoyNQYNpSwfEZXSg==}

  '@types/resolve@1.20.2':
    resolution: {integrity: sha512-60BCwRFOZCQhDncwQdxxeOEEkbc5dIMccYLwbxsS4TUNeVECQ/pBJ0j09mrHOl/JJvpRPGwO9SvE4nR2Nb/a4Q==}

  camelcase-keys@7.0.2:
    resolution: {integrity: sha512-Rjs1H+A9R+Ig+4E/9oyB66UC5Mj9Xq3N//vcLf2WzgdTi/3gUu3Z9KoqmlrEG4VuuLK8wJHofxzdQXz/knhiYg==}
    engines: {node: '>=12'}

  camelcase@6.3.0:
    resolution: {integrity: sha512-Gmy6FhYlCY7uOElZUSbxo2UCDH8owEk996gkbrpsgGtrJLM3J7jGxl9Ic7Qwwj4ivOE5AWZWRMecDdF7hqGjFA==}
    engines: {node: '>=10'}

  clone-deep@4.0.1:
    resolution: {integrity: sha512-neHB9xuzh/wk0dIHweyAXv2aPGZIVk3pLMe+/RNzINf17fe0OG96QroktYAUm7SM1PBnzTabaLboqqxDyMU+SQ==}
    engines: {node: '>=6'}

  commondir@1.0.1:
    resolution: {integrity: sha512-W9pAhw0ja1Edb5GVdIF1mjZw/ASI0AlShXM83UUGe2DVr5TdAPEA1OA8m/g8zWp9x6On7gqufY+FatDbC3MDQg==}

  core-js-pure@3.46.0:
    resolution: {integrity: sha512-NMCW30bHNofuhwLhYPt66OLOKTMbOhgTTatKVbaQC3KRHpTCiRIBYvtshr+NBYSnBxwAFhjW/RfJ0XbIjS16rw==}

  deepmerge@4.3.1:
    resolution: {integrity: sha512-3sUqbMEc77XqpdNO7FRyRog+eW3ph+GYCbj+rK+uYyRMuwsVy0rMiVtPn+QJlKFvWP/1PYpapqYn0Me2knFn+A==}
    engines: {node: '>=0.10.0'}

  estree-walker@2.0.2:
    resolution: {integrity: sha512-Rfkk/Mp/DL7JVje3u18FxFujQlTNR2q6QfMSMB7AvCBx91NGj/ba3kCfza0f6dVDbw7YlRf/nDrn7pQrCCyQ/w==}

  fdir@6.5.0:
    resolution: {integrity: sha512-tIbYtZbucOs0BRGqPJkshJUYdL+SDH7dVM8gjy+ERp3WAUjLEFJE+02kanyHtwjWOnwrKYBiwAmM0p4kLJAnXg==}
    engines: {node: '>=12.0.0'}
    peerDependencies:
      picomatch: ^3 || ^4
    peerDependenciesMeta:
      picomatch:
        optional: true

  fsevents@2.3.3:
    resolution: {integrity: sha512-5xoDfX+fL7faATnagmWPpbFtwh/R77WmMMqqHGS65C3vvB0YHrgF+B1YmZ3441tMj5n63k0212XNoJwzlhffQw==}
    engines: {node: ^8.16.0 || ^10.6.0 || >=11.0.0}
    os: [darwin]

  function-bind@1.1.2:
    resolution: {integrity: sha512-7XHNxH7qX9xG5mIwxkhumTox/MIRNcOgDrxWsMt2pAr23WHp6MrRlN7FBSFpCpr+oVO0F744iUgR82nJMfG2SA==}

  hasown@2.0.2:
    resolution: {integrity: sha512-0hJU9SCPvmMzIBdZFqNPXWa6dqh7WdH0cII9y+CyS8rG3nL48Bclra9HmKhVVUHyPWNH5Y7xDwAB7bfgSjkUMQ==}
    engines: {node: '>= 0.4'}

  ip-regex@4.3.0:
    resolution: {integrity: sha512-B9ZWJxHHOHUhUjCPrMpLD4xEq35bUTClHM1S6CBU5ixQnkZmwipwgc96vAd7AAGM9TGHvJR+Uss+/Ak6UphK+Q==}
    engines: {node: '>=8'}

  is-core-module@2.16.1:
    resolution: {integrity: sha512-UfoeMA6fIJ8wTYFEUjelnaGI67v6+N7qXJEvQuIGa99l4xsCruSYOVSQ0uPANn4dAzm8lkYPaKLrrijLq7x23w==}
    engines: {node: '>= 0.4'}

  is-ip@3.1.0:
    resolution: {integrity: sha512-35vd5necO7IitFPjd/YBeqwWnyDWbuLH9ZXQdMfDA8TEo7pv5X8yfrvVO3xbJbLUlERCMvf6X0hTUamQxCYJ9Q==}
    engines: {node: '>=8'}

  is-module@1.0.0:
    resolution: {integrity: sha512-51ypPSPCoTEIN9dy5Oy+h4pShgJmPCygKfyRCISBI+JoWT/2oJvK8QPxmwv7b/p239jXrm9M1mlQbyKJ5A152g==}

  is-plain-object@2.0.4:
    resolution: {integrity: sha512-h5PpgXkWitc38BBMYawTYMWJHFZJVnBquFE57xFpjB8pJFiF6gZ+bU+WyI/yqXiFR5mdLsgYNaPe8uao6Uv9Og==}
    engines: {node: '>=0.10.0'}

  is-reference@1.2.1:
    resolution: {integrity: sha512-U82MsXXiFIrjCK4otLT+o2NA2Cd2g5MLoOVXUZjIOhLurrRxpEXzI8O0KZHr3IjLvlAH1kTPYSuqer5T9ZVBKQ==}

  isobject@3.0.1:
    resolution: {integrity: sha512-WhB9zCku7EGTj/HQQRz5aUQEUeoQZH2bWcltRErOpymJ4boYE6wL9Tbr23krRPSZ+C5zqNSrSw+Cc7sZZ4b7vg==}
    engines: {node: '>=0.10.0'}

  json5@2.2.3:
    resolution: {integrity: sha512-XmOWe7eyHYH14cLdVPoyg+GOH3rYX++KpzrylJwSW98t3Nk+U8XOl8FWKOgwtzdb8lXGf6zYwDUzeHMWfxasyg==}
    engines: {node: '>=6'}
    hasBin: true

  kind-of@6.0.3:
    resolution: {integrity: sha512-dcS1ul+9tmeD95T+x28/ehLgd9mENa3LsvDTtzm3vyBEO7RPptvAD+t44WVXaUjTBRcrpFeFlC8WCruUR456hw==}
    engines: {node: '>=0.10.0'}

  magic-string@0.30.21:
    resolution: {integrity: sha512-vd2F4YUyEXKGcLHoq+TEyCjxueSeHnFxyyjNp80yg0XV4vUhnDer/lvvlqM/arB5bXQN5K2/3oinyCRyx8T2CQ==}

  map-obj@4.3.0:
    resolution: {integrity: sha512-hdN1wVrZbb29eBGiGjJbeP8JbKjq1urkHJ/LIP/NY48MZ1QVXUsQBV1G1zvYFHn1XE06cwjBsOI2K3Ulnj1YXQ==}
    engines: {node: '>=8'}

  path-parse@1.0.7:
    resolution: {integrity: sha512-LDJzPVEEEPR+y48z93A0Ed0yXb8pAByGWo/k5YYdYgpY2/2EsOsksJrq7lOHxryrVOn1ejG6oAp8ahvOIQD8sw==}

  picomatch@4.0.3:
    resolution: {integrity: sha512-5gTmgEY/sqK6gFXLIsQNH19lWb4ebPDLA4SdLP7dsWkIXHWlG66oPuVvXSGFPppYZz8ZDZq0dYYrbHfBCVUb1Q==}
    engines: {node: '>=12'}

  quick-lru@5.1.1:
    resolution: {integrity: sha512-WuyALRjWPDGtt/wzJiadO5AXY+8hZ80hVpe6MyivgraREW751X3SbhRvG3eLKOYN+8VEvqLcf3wdnt44Z4S4SA==}
    engines: {node: '>=10'}

  resolve@1.22.11:
    resolution: {integrity: sha512-RfqAvLnMl313r7c9oclB1HhUEAezcpLjz95wFH4LVuhk9JF/r22qmVP9AMmOU4vMX7Q8pN8jwNg/CSpdFnMjTQ==}
    engines: {node: '>= 0.4'}
    hasBin: true

  rollup@4.52.5:
    resolution: {integrity: sha512-3GuObel8h7Kqdjt0gxkEzaifHTqLVW56Y/bjN7PSQtkKr0w3V/QYSdt6QWYtd7A1xUtYQigtdUfgj1RvWVtorw==}
    engines: {node: '>=18.0.0', npm: '>=8.0.0'}
    hasBin: true

  shallow-clone@3.0.1:
    resolution: {integrity: sha512-/6KqX+GVUdqPuPPd2LxDDxzX6CAbjJehAAOKlNpqqUpAqPM6HeL8f+o3a+JsyGjn2lv0WY8UsTgUJjU9Ok55NA==}
    engines: {node: '>=8'}

  sprintf-js@1.1.3:
    resolution: {integrity: sha512-Oo+0REFV59/rz3gfJNKQiBlwfHaSESl1pcGyABQsnnIfWOFt6JNj5gCog2U6MLZ//IGYD+nA8nI+mTShREReaA==}

  supports-preserve-symlinks-flag@1.0.0:
    resolution: {integrity: sha512-ot0WnXS9fgdkgIcePe6RHNk1WA8+muPa6cSjeR3V8K27q9BB1rTE3R1p7Hv0z1ZyAc8s6Vvv8DIyWf681MAt0w==}
    engines: {node: '>= 0.4'}

  tldts-core@5.7.112:
    resolution: {integrity: sha512-mutrEUgG2sp0e/MIAnv9TbSLR0IPbvmAImpzqul5O/HJ2XM1/I1sajchQ/fbj0fPdA31IiuWde8EUhfwyldY1Q==}

  tldts@5.7.112:
    resolution: {integrity: sha512-6VSJ/C0uBtc2PQlLsp4IT8MIk2UUh6qVeXB1HZtK+0HiXlAPzNcfF3p2WM9RqCO/2X1PIa4danlBLPoC2/Tc7A==}
    hasBin: true

  tslib@2.8.1:
    resolution: {integrity: sha512-oJFu94HQb+KVduSUQL7wnpmqnfmLsOA/nAh6b6EH0wCEoK0/mPeXU6c3wKDV83MkOuHPRHtSXKKU99IBazS/2w==}

  tunnel@0.0.6:
    resolution: {integrity: sha512-1h/Lnq9yajKY2PEbBadPXj3VxsDDu844OnaAo52UVmIzIvwwtBPIuNvkjuzBlTWpfJyUbG3ez0KSBibQkj4ojg==}
    engines: {node: '>=0.6.11 <=0.7.0 || >=0.7.3'}

  type-fest@1.4.0:
    resolution: {integrity: sha512-yGSza74xk0UG8k+pLh5oeoYirvIiWo5t0/o3zHHAO2tRDiZcxWP7fywNlXhqb6/r6sWvwi+RsyQMWhVLe4BVuA==}
    engines: {node: '>=10'}

  typescript@5.9.3:
    resolution: {integrity: sha512-jl1vZzPDinLr9eUt3J/t7V6FgNEw9QjvBPdysz9KfQDD41fQrC2Y4vKQdiaUpFT4bXlb1RHhLpp8wtm6M5TgSw==}
    engines: {node: '>=14.17'}
    hasBin: true

  undici-types@7.16.0:
    resolution: {integrity: sha512-Zz+aZWSj8LE6zoxD+xrjh4VfkIG8Ya6LvYkZqtUQGJPZjYl53ypCaUwWqo7eI0x66KBGeRo+mlBEkMSeSZ38Nw==}

  undici@5.29.0:
    resolution: {integrity: sha512-raqeBD6NQK4SkWhQzeYKd1KmIG6dllBOTt55Rmkt4HtI9mwdWtJljnrXjAFUBLTSN67HWrOIZ3EPF4kjUw80Bg==}
    engines: {node: '>=14.0'}

  xregexp@5.1.2:
    resolution: {integrity: sha512-6hGgEMCGhqCTFEJbqmWrNIPqfpdirdGWkqshu7fFZddmTSfgv5Sn9D2SaKloR79s5VUiUlpwzg3CM3G6D3VIlw==}

  zod@3.24.4:
    resolution: {integrity: sha512-OdqJE9UDRPwWsrHjLN2F8bPxvwJBK22EHLWtanu0LSYr5YqzsaaW3RMgmjwr8Rypg5k+meEJdSPXJZXE/yqOMg==}

snapshots:

  '@actions/core@1.11.1':
    dependencies:
      '@actions/exec': 1.1.1
      '@actions/http-client': 2.2.3

  '@actions/exec@1.1.1':
    dependencies:
      '@actions/io': 1.1.3

  '@actions/http-client@2.2.3':
    dependencies:
      tunnel: 0.0.6
      undici: 5.29.0

  '@actions/io@1.1.3': {}

  '@adguard/agtree@3.2.4':
    dependencies:
      '@adguard/css-tokenizer': 1.2.0
      camelcase-keys: 7.0.2
      clone-deep: 4.0.1
      is-ip: 3.1.0
      json5: 2.2.3
      sprintf-js: 1.1.3
      tldts: 5.7.112
      xregexp: 5.1.2
      zod: 3.24.4

  '@adguard/css-tokenizer@1.2.0': {}

  '@babel/runtime-corejs3@7.28.4':
    dependencies:
      core-js-pure: 3.46.0

  '@fastify/busboy@2.1.1': {}

  '@jridgewell/sourcemap-codec@1.5.5': {}

  '@rollup/plugin-commonjs@28.0.9(rollup@4.52.5)':
    dependencies:
      '@rollup/pluginutils': 5.3.0(rollup@4.52.5)
      commondir: 1.0.1
      estree-walker: 2.0.2
      fdir: 6.5.0(picomatch@4.0.3)
      is-reference: 1.2.1
      magic-string: 0.30.21
      picomatch: 4.0.3
    optionalDependencies:
      rollup: 4.52.5

  '@rollup/plugin-node-resolve@16.0.3(rollup@4.52.5)':
    dependencies:
      '@rollup/pluginutils': 5.3.0(rollup@4.52.5)
      '@types/resolve': 1.20.2
      deepmerge: 4.3.1
      is-module: 1.0.0
      resolve: 1.22.11
    optionalDependencies:
      rollup: 4.52.5

  '@rollup/plugin-typescript@12.3.0(rollup@4.52.5)(tslib@2.8.1)(typescript@5.9.3)':
    dependencies:
      '@rollup/pluginutils': 5.3.0(rollup@4.52.5)
      resolve: 1.22.11
      typescript: 5.9.3
    optionalDependencies:
      rollup: 4.52.5
      tslib: 2.8.1

  '@rollup/pluginutils@5.3.0(rollup@4.52.5)':
    dependencies:
      '@types/estree': 1.0.8
      estree-walker: 2.0.2
      picomatch: 4.0.3
    optionalDependencies:
      rollup: 4.52.5

  '@rollup/rollup-android-arm-eabi@4.52.5':
    optional: true

  '@rollup/rollup-android-arm64@4.52.5':
    optional: true

  '@rollup/rollup-darwin-arm64@4.52.5':
    optional: true

  '@rollup/rollup-darwin-x64@4.52.5':
    optional: true

  '@rollup/rollup-freebsd-arm64@4.52.5':
    optional: true

  '@rollup/rollup-freebsd-x64@4.52.5':
    optional: true

  '@rollup/rollup-linux-arm-gnueabihf@4.52.5':
    optional: true

  '@rollup/rollup-linux-arm-musleabihf@4.52.5':
    optional: true

  '@rollup/rollup-linux-arm64-gnu@4.52.5':
    optional: true

  '@rollup/rollup-linux-arm64-musl@4.52.5':
    optional: true

  '@rollup/rollup-linux-loong64-gnu@4.52.5':
    optional: true

  '@rollup/rollup-linux-ppc64-gnu@4.52.5':
    optional: true

  '@rollup/rollup-linux-riscv64-gnu@4.52.5':
    optional: true

  '@rollup/rollup-linux-riscv64-musl@4.52.5':
    optional: true

  '@rollup/rollup-linux-s390x-gnu@4.52.5':
    optional: true

  '@rollup/rollup-linux-x64-gnu@4.52.5':
    optional: true

  '@rollup/rollup-linux-x64-musl@4.52.5':
    optional: true

  '@rollup/rollup-openharmony-arm64@4.52.5':
    optional: true

  '@rollup/rollup-win32-arm64-msvc@4.52.5':
    optional: true

  '@rollup/rollup-win32-ia32-msvc@4.52.5':
    optional: true

  '@rollup/rollup-win32-x64-gnu@4.52.5':
    optional: true

  '@rollup/rollup-win32-x64-msvc@4.52.5':
    optional: true

  '@types/estree@1.0.8': {}

  '@types/node@24.9.1':
    dependencies:
      undici-types: 7.16.0

  '@types/resolve@1.20.2': {}

  camelcase-keys@7.0.2:
    dependencies:
      camelcase: 6.3.0
      map-obj: 4.3.0
      quick-lru: 5.1.1
      type-fest: 1.4.0

  camelcase@6.3.0: {}

  clone-deep@4.0.1:
    dependencies:
      is-plain-object: 2.0.4
      kind-of: 6.0.3
      shallow-clone: 3.0.1

  commondir@1.0.1: {}

  core-js-pure@3.46.0: {}

  deepmerge@4.3.1: {}

  estree-walker@2.0.2: {}

  fdir@6.5.0(picomatch@4.0.3):
    optionalDependencies:
      picomatch: 4.0.3

  fsevents@2.3.3:
    optional: true

  function-bind@1.1.2: {}

  hasown@2.0.2:
    dependencies:
      function-bind: 1.1.2

  ip-regex@4.3.0: {}

  is-core-module@2.16.1:
    dependencies:
      hasown: 2.0.2

  is-ip@3.1.0:
    dependencies:
      ip-regex: 4.3.0

  is-module@1.0.0: {}

  is-plain-object@2.0.4:
    dependencies:
      isobject: 3.0.1

  is-reference@1.2.1:
    dependencies:
      '@types/estree': 1.0.8

  isobject@3.0.1: {}

  json5@2.2.3: {}

  kind-of@6.0.3: {}

  magic-string@0.30.21:
    dependencies:
      '@jridgewell/sourcemap-codec': 1.5.5

  map-obj@4.3.0: {}

  path-parse@1.0.7: {}

  picomatch@4.0.3: {}

  quick-lru@5.1.1: {}

  resolve@1.22.11:
    dependencies:
      is-core-module: 2.16.1
      path-parse: 1.0.7
      supports-preserve-symlinks-flag: 1.0.0

  rollup@4.52.5:
    dependencies:
      '@types/estree': 1.0.8
    optionalDependencies:
      '@rollup/rollup-android-arm-eabi': 4.52.5
      '@rollup/rollup-android-arm64': 4.52.5
      '@rollup/rollup-darwin-arm64': 4.52.5
      '@rollup/rollup-darwin-x64': 4.52.5
      '@rollup/rollup-freebsd-arm64': 4.52.5
      '@rollup/rollup-freebsd-x64': 4.52.5
      '@rollup/rollup-linux-arm-gnueabihf': 4.52.5
      '@rollup/rollup-linux-arm-musleabihf': 4.52.5
      '@rollup/rollup-linux-arm64-gnu': 4.52.5
      '@rollup/rollup-linux-arm64-musl': 4.52.5
      '@rollup/rollup-linux-loong64-gnu': 4.52.5
      '@rollup/rollup-linux-ppc64-gnu': 4.52.5
      '@rollup/rollup-linux-riscv64-gnu': 4.52.5
      '@rollup/rollup-linux-riscv64-musl': 4.52.5
      '@rollup/rollup-linux-s390x-gnu': 4.52.5
      '@rollup/rollup-linux-x64-gnu': 4.52.5
      '@rollup/rollup-linux-x64-musl': 4.52.5
      '@rollup/rollup-openharmony-arm64': 4.52.5
      '@rollup/rollup-win32-arm64-msvc': 4.52.5
      '@rollup/rollup-win32-ia32-msvc': 4.52.5
      '@rollup/rollup-win32-x64-gnu': 4.52.5
      '@rollup/rollup-win32-x64-msvc': 4.52.5
      fsevents: 2.3.3

  shallow-clone@3.0.1:
    dependencies:
      kind-of: 6.0.3

  sprintf-js@1.1.3: {}

  supports-preserve-symlinks-flag@1.0.0: {}

  tldts-core@5.7.112: {}

  tldts@5.7.112:
    dependencies:
      tldts-core: 5.7.112

  tslib@2.8.1: {}

  tunnel@0.0.6: {}

  type-fest@1.4.0: {}

  typescript@5.9.3: {}

  undici-types@7.16.0: {}

  undici@5.29.0:
    dependencies:
      '@fastify/busboy': 2.1.1

  xregexp@5.1.2:
    dependencies:
      '@babel/runtime-corejs3': 7.28.4

  zod@3.24.4: {}
